
Microsoft Visual Studio Solution File, Format Version 12.00
Project("{FAE04EC0-301F-11D3-BF4B-00C04F79EFBC}") = "Repository.Contracts", "Src\Persistence\Repository.Contracts\Repository.Contracts.csproj", "{A62340B5-C65D-4F63-ACB8-4070B9FD2237}"
EndProject
Project("{FAE04EC0-301F-11D3-BF4B-00C04F79EFBC}") = "Repository.Tests", "Src\Persistence\Repository.Tests\Repository.Tests.csproj", "{43D8A018-FA71-4DE0-BCCC-226E812DAB0C}"
EndProject
Project("{2150E333-8FDC-42A3-9474-1A3956D46DE8}") = "Persistence", "Persistence", "{53362055-041B-4898-8C3D-2BFF48961AD3}"
EndProject
Project("{FAE04EC0-301F-11D3-BF4B-00C04F79EFBC}") = "Repository.Memory", "Src\Persistence\Repository.Memory\Repository.Memory.csproj", "{9229FD61-157C-4533-96F4-4B88AC7F1363}"
EndProject
Project("{2150E333-8FDC-42A3-9474-1A3956D46DE8}") = "Core", "Core", "{EFA8F50A-D283-4008-A505-78FC25ED3ED0}"
EndProject
Project("{FAE04EC0-301F-11D3-BF4B-00C04F79EFBC}") = "Model.Contracts", "Src\Core\Model.Contracts\Model.Contracts.csproj", "{75C2DFC1-C298-4199-8254-3D41F91AE5C4}"
EndProject
Project("{2150E333-8FDC-42A3-9474-1A3956D46DE8}") = "Communication", "Communication", "{FE77A841-2D72-47DE-BE54-5FDAFCA44BB0}"
EndProject
Project("{FAE04EC0-301F-11D3-BF4B-00C04F79EFBC}") = "Communication.Contracts", "Src\Communication\Communication.Contracts\Communication.Contracts.csproj", "{6BF8603D-F4FA-43ED-85F8-ABF836720F2D}"
EndProject
Project("{FAE04EC0-301F-11D3-BF4B-00C04F79EFBC}") = "Communication.Memory", "Src\Communication\Communication.Memory\Communication.Memory.csproj", "{3DA29160-1824-4739-8FDA-CECA0D481FE5}"
EndProject
Project("{FAE04EC0-301F-11D3-BF4B-00C04F79EFBC}") = "Communication.Tests", "Src\Communication\Communication.Tests\Communication.Tests.csproj", "{A08BB02E-72A8-4F36-B508-4962457358F1}"
EndProject
Global
	GlobalSection(SolutionConfigurationPlatforms) = preSolution
		Debug|Any CPU = Debug|Any CPU
		Release|Any CPU = Release|Any CPU
	EndGlobalSection
	GlobalSection(ProjectConfigurationPlatforms) = postSolution
		{A62340B5-C65D-4F63-ACB8-4070B9FD2237}.Debug|Any CPU.ActiveCfg = Debug|Any CPU
		{A62340B5-C65D-4F63-ACB8-4070B9FD2237}.Debug|Any CPU.Build.0 = Debug|Any CPU
		{A62340B5-C65D-4F63-ACB8-4070B9FD2237}.Release|Any CPU.ActiveCfg = Release|Any CPU
		{A62340B5-C65D-4F63-ACB8-4070B9FD2237}.Release|Any CPU.Build.0 = Release|Any CPU
		{43D8A018-FA71-4DE0-BCCC-226E812DAB0C}.Debug|Any CPU.ActiveCfg = Debug|Any CPU
		{43D8A018-FA71-4DE0-BCCC-226E812DAB0C}.Debug|Any CPU.Build.0 = Debug|Any CPU
		{43D8A018-FA71-4DE0-BCCC-226E812DAB0C}.Release|Any CPU.ActiveCfg = Release|Any CPU
		{43D8A018-FA71-4DE0-BCCC-226E812DAB0C}.Release|Any CPU.Build.0 = Release|Any CPU
		{9229FD61-157C-4533-96F4-4B88AC7F1363}.Debug|Any CPU.ActiveCfg = Debug|Any CPU
		{9229FD61-157C-4533-96F4-4B88AC7F1363}.Debug|Any CPU.Build.0 = Debug|Any CPU
		{9229FD61-157C-4533-96F4-4B88AC7F1363}.Release|Any CPU.ActiveCfg = Release|Any CPU
		{9229FD61-157C-4533-96F4-4B88AC7F1363}.Release|Any CPU.Build.0 = Release|Any CPU
		{75C2DFC1-C298-4199-8254-3D41F91AE5C4}.Debug|Any CPU.ActiveCfg = Debug|Any CPU
		{75C2DFC1-C298-4199-8254-3D41F91AE5C4}.Debug|Any CPU.Build.0 = Debug|Any CPU
		{75C2DFC1-C298-4199-8254-3D41F91AE5C4}.Release|Any CPU.ActiveCfg = Release|Any CPU
		{75C2DFC1-C298-4199-8254-3D41F91AE5C4}.Release|Any CPU.Build.0 = Release|Any CPU
		{6BF8603D-F4FA-43ED-85F8-ABF836720F2D}.Debug|Any CPU.ActiveCfg = Debug|Any CPU
		{6BF8603D-F4FA-43ED-85F8-ABF836720F2D}.Debug|Any CPU.Build.0 = Debug|Any CPU
		{6BF8603D-F4FA-43ED-85F8-ABF836720F2D}.Release|Any CPU.ActiveCfg = Release|Any CPU
		{6BF8603D-F4FA-43ED-85F8-ABF836720F2D}.Release|Any CPU.Build.0 = Release|Any CPU
		{3DA29160-1824-4739-8FDA-CECA0D481FE5}.Debug|Any CPU.ActiveCfg = Debug|Any CPU
		{3DA29160-1824-4739-8FDA-CECA0D481FE5}.Debug|Any CPU.Build.0 = Debug|Any CPU
		{3DA29160-1824-4739-8FDA-CECA0D481FE5}.Release|Any CPU.ActiveCfg = Release|Any CPU
		{3DA29160-1824-4739-8FDA-CECA0D481FE5}.Release|Any CPU.Build.0 = Release|Any CPU
		{A08BB02E-72A8-4F36-B508-4962457358F1}.Debug|Any CPU.ActiveCfg = Debug|Any CPU
		{A08BB02E-72A8-4F36-B508-4962457358F1}.Debug|Any CPU.Build.0 = Debug|Any CPU
		{A08BB02E-72A8-4F36-B508-4962457358F1}.Release|Any CPU.ActiveCfg = Release|Any CPU
		{A08BB02E-72A8-4F36-B508-4962457358F1}.Release|Any CPU.Build.0 = Release|Any CPU
	EndGlobalSection
	GlobalSection(NestedProjects) = preSolution
		{A62340B5-C65D-4F63-ACB8-4070B9FD2237} = {53362055-041B-4898-8C3D-2BFF48961AD3}
		{43D8A018-FA71-4DE0-BCCC-226E812DAB0C} = {53362055-041B-4898-8C3D-2BFF48961AD3}
		{9229FD61-157C-4533-96F4-4B88AC7F1363} = {53362055-041B-4898-8C3D-2BFF48961AD3}
		{75C2DFC1-C298-4199-8254-3D41F91AE5C4} = {EFA8F50A-D283-4008-A505-78FC25ED3ED0}
		{6BF8603D-F4FA-43ED-85F8-ABF836720F2D} = {FE77A841-2D72-47DE-BE54-5FDAFCA44BB0}
		{3DA29160-1824-4739-8FDA-CECA0D481FE5} = {FE77A841-2D72-47DE-BE54-5FDAFCA44BB0}
		{A08BB02E-72A8-4F36-B508-4962457358F1} = {FE77A841-2D72-47DE-BE54-5FDAFCA44BB0}
	EndGlobalSection
EndGlobal
